
Microsoft Visual Studio Solution File, Format Version 12.00
# Visual Studio 15
VisualStudioVersion = 15.0.28010.2003
MinimumVisualStudioVersion = 10.0.40219.1
Project("{FAE04EC0-301F-11D3-BF4B-00C04F79EFBC}") = "CSharp6Funda", "CSharp6Funda.csproj", "{A9323DF0-3B4E-4EC8-94B9-7A0E75349CB0}"
EndProject
Project("{2150E333-8FDC-42A3-9474-1A3956D46DE8}") = "ImpOperator.TerNull", "ImpOperator.TerNull", "{6F5A2D7D-C99A-4384-8451-C89739D8CFE3}"
EndProject
Project("{FAE04EC0-301F-11D3-BF4B-00C04F79EFBC}") = "ImpOperator.TerNull", "..\ImpOperator.TerNull\ImpOperator.TerNull.csproj", "{4BF1E33E-8DAA-44B3-B90C-39349D58FC76}"
EndProject
Project("{2150E333-8FDC-42A3-9474-1A3956D46DE8}") = "Async", "Async", "{A84EFD44-5DA6-431A-97AC-2C752C5EA2F8}"
EndProject
Project("{FAE04EC0-301F-11D3-BF4B-00C04F79EFBC}") = "AsyncProg", "..\AsyncProg\AsyncProg.csproj", "{59ADB64A-5B32-4859-9A70-125BA6443407}"
EndProject
Project("{2150E333-8FDC-42A3-9474-1A3956D46DE8}") = "Delegates", "Delegates", "{744E0286-A24E-4930-8BD6-17403DDA77CF}"
EndProject
Project("{2150E333-8FDC-42A3-9474-1A3956D46DE8}") = "Events", "Events", "{7DB48358-4E1F-44DE-9B19-FCFAF2C4E61F}"
EndProject
Project("{FAE04EC0-301F-11D3-BF4B-00C04F79EFBC}") = "Delegates", "Delegates\Delegates.csproj", "{8D9AE7F2-2AE7-43BF-8E59-C2D1C4BE3185}"
EndProject
Project("{FAE04EC0-301F-11D3-BF4B-00C04F79EFBC}") = "Events", "..\Events\Events.csproj", "{1439E59D-963B-4C05-BCB4-7F52C7B83865}"
EndProject
Project("{2150E333-8FDC-42A3-9474-1A3956D46DE8}") = "LamdaExpression", "LamdaExpression", "{6E3A76D8-F6FD-4636-9E49-8373C4108AB6}"
EndProject
Project("{FAE04EC0-301F-11D3-BF4B-00C04F79EFBC}") = "LamdaExpression", "..\LamdaExpression\LamdaExpression.csproj", "{BD16D550-0188-4B17-B688-898BD35519FF}"
EndProject
Project("{2150E333-8FDC-42A3-9474-1A3956D46DE8}") = "LINQ", "LINQ", "{34502557-A8C9-4A89-825B-59A1637CC1E0}"
EndProject
Project("{FAE04EC0-301F-11D3-BF4B-00C04F79EFBC}") = "LINQ", "LINQ\LINQ.csproj", "{77C8F32A-E7C9-43FE-8122-B83F680CF724}"
EndProject
Global
	GlobalSection(SolutionConfigurationPlatforms) = preSolution
		Debug|Any CPU = Debug|Any CPU
		Release|Any CPU = Release|Any CPU
	EndGlobalSection
	GlobalSection(ProjectConfigurationPlatforms) = postSolution
		{A9323DF0-3B4E-4EC8-94B9-7A0E75349CB0}.Debug|Any CPU.ActiveCfg = Debug|Any CPU
		{A9323DF0-3B4E-4EC8-94B9-7A0E75349CB0}.Debug|Any CPU.Build.0 = Debug|Any CPU
		{A9323DF0-3B4E-4EC8-94B9-7A0E75349CB0}.Release|Any CPU.ActiveCfg = Release|Any CPU
		{A9323DF0-3B4E-4EC8-94B9-7A0E75349CB0}.Release|Any CPU.Build.0 = Release|Any CPU
		{4BF1E33E-8DAA-44B3-B90C-39349D58FC76}.Debug|Any CPU.ActiveCfg = Debug|Any CPU
		{4BF1E33E-8DAA-44B3-B90C-39349D58FC76}.Debug|Any CPU.Build.0 = Debug|Any CPU
		{4BF1E33E-8DAA-44B3-B90C-39349D58FC76}.Release|Any CPU.ActiveCfg = Release|Any CPU
		{4BF1E33E-8DAA-44B3-B90C-39349D58FC76}.Release|Any CPU.Build.0 = Release|Any CPU
		{59ADB64A-5B32-4859-9A70-125BA6443407}.Debug|Any CPU.ActiveCfg = Debug|Any CPU
		{59ADB64A-5B32-4859-9A70-125BA6443407}.Debug|Any CPU.Build.0 = Debug|Any CPU
		{59ADB64A-5B32-4859-9A70-125BA6443407}.Release|Any CPU.ActiveCfg = Release|Any CPU
		{59ADB64A-5B32-4859-9A70-125BA6443407}.Release|Any CPU.Build.0 = Release|Any CPU
		{8D9AE7F2-2AE7-43BF-8E59-C2D1C4BE3185}.Debug|Any CPU.ActiveCfg = Debug|Any CPU
		{8D9AE7F2-2AE7-43BF-8E59-C2D1C4BE3185}.Debug|Any CPU.Build.0 = Debug|Any CPU
		{8D9AE7F2-2AE7-43BF-8E59-C2D1C4BE3185}.Release|Any CPU.ActiveCfg = Release|Any CPU
		{8D9AE7F2-2AE7-43BF-8E59-C2D1C4BE3185}.Release|Any CPU.Build.0 = Release|Any CPU
		{1439E59D-963B-4C05-BCB4-7F52C7B83865}.Debug|Any CPU.ActiveCfg = Debug|Any CPU
		{1439E59D-963B-4C05-BCB4-7F52C7B83865}.Debug|Any CPU.Build.0 = Debug|Any CPU
		{1439E59D-963B-4C05-BCB4-7F52C7B83865}.Release|Any CPU.ActiveCfg = Release|Any CPU
		{1439E59D-963B-4C05-BCB4-7F52C7B83865}.Release|Any CPU.Build.0 = Release|Any CPU
		{BD16D550-0188-4B17-B688-898BD35519FF}.Debug|Any CPU.ActiveCfg = Debug|Any CPU
		{BD16D550-0188-4B17-B688-898BD35519FF}.Debug|Any CPU.Build.0 = Debug|Any CPU
		{BD16D550-0188-4B17-B688-898BD35519FF}.Release|Any CPU.ActiveCfg = Release|Any CPU
		{BD16D550-0188-4B17-B688-898BD35519FF}.Release|Any CPU.Build.0 = Release|Any CPU
		{77C8F32A-E7C9-43FE-8122-B83F680CF724}.Debug|Any CPU.ActiveCfg = Debug|Any CPU
		{77C8F32A-E7C9-43FE-8122-B83F680CF724}.Debug|Any CPU.Build.0 = Debug|Any CPU
		{77C8F32A-E7C9-43FE-8122-B83F680CF724}.Release|Any CPU.ActiveCfg = Release|Any CPU
		{77C8F32A-E7C9-43FE-8122-B83F680CF724}.Release|Any CPU.Build.0 = Release|Any CPU
	EndGlobalSection
	GlobalSection(SolutionProperties) = preSolution
		HideSolutionNode = FALSE
	EndGlobalSection
	GlobalSection(NestedProjects) = preSolution
		{4BF1E33E-8DAA-44B3-B90C-39349D58FC76} = {6F5A2D7D-C99A-4384-8451-C89739D8CFE3}
		{59ADB64A-5B32-4859-9A70-125BA6443407} = {A84EFD44-5DA6-431A-97AC-2C752C5EA2F8}
		{8D9AE7F2-2AE7-43BF-8E59-C2D1C4BE3185} = {744E0286-A24E-4930-8BD6-17403DDA77CF}
		{1439E59D-963B-4C05-BCB4-7F52C7B83865} = {7DB48358-4E1F-44DE-9B19-FCFAF2C4E61F}
		{BD16D550-0188-4B17-B688-898BD35519FF} = {6E3A76D8-F6FD-4636-9E49-8373C4108AB6}
		{77C8F32A-E7C9-43FE-8122-B83F680CF724} = {34502557-A8C9-4A89-825B-59A1637CC1E0}
	EndGlobalSection
	GlobalSection(ExtensibilityGlobals) = postSolution
		SolutionGuid = {115FEF92-9A9E-49AF-A0CB-FB302A658073}
	EndGlobalSection
EndGlobal
